// !$*UTF8*$!
{
	archiveVersion = 1;
	classes = {
	};
	objectVersion = 56;
	objects = {

/* Begin PBXBuildFile section */
		3C25F9392AC096BE0093E511 /* AppDelegate.swift in Sources */ = {isa = PBXBuildFile; fileRef = 3C25F9382AC096BE0093E511 /* AppDelegate.swift */; };
		3C25F93B2AC096BE0093E511 /* SceneDelegate.swift in Sources */ = {isa = PBXBuildFile; fileRef = 3C25F93A2AC096BE0093E511 /* SceneDelegate.swift */; };
		3C25F93D2AC096BE0093E511 /* MoviesViewController.swift in Sources */ = {isa = PBXBuildFile; fileRef = 3C25F93C2AC096BE0093E511 /* MoviesViewController.swift */; };
		3C25F9402AC096BE0093E511 /* Main.storyboard in Resources */ = {isa = PBXBuildFile; fileRef = 3C25F93E2AC096BE0093E511 /* Main.storyboard */; };
		3C25F9422AC096BF0093E511 /* Assets.xcassets in Resources */ = {isa = PBXBuildFile; fileRef = 3C25F9412AC096BF0093E511 /* Assets.xcassets */; };
		3C25F9452AC096BF0093E511 /* LaunchScreen.storyboard in Resources */ = {isa = PBXBuildFile; fileRef = 3C25F9432AC096BF0093E511 /* LaunchScreen.storyboard */; };
		3C25F9562AC098C40093E511 /* Movie.swift in Sources */ = {isa = PBXBuildFile; fileRef = 3C25F9552AC098C40093E511 /* Movie.swift */; };
		3C25F95B2AC099190093E511 /* Movie.swift in Sources */ = {isa = PBXBuildFile; fileRef = 3C25F95A2AC099190093E511 /* Movie.swift */; };
		3C25F95D2AC0AA710093E511 /* MovieCell.swift in Sources */ = {isa = PBXBuildFile; fileRef = 3C25F95C2AC0AA710093E511 /* MovieCell.swift */; };
		3C25F95F2AC0B47E0093E511 /* DetailViewController.swift in Sources */ = {isa = PBXBuildFile; fileRef = 3C25F95E2AC0B47E0093E511 /* DetailViewController.swift */; };
		3C96EDE12AC0CC84004B8B7D /* Nuke in Frameworks */ = {isa = PBXBuildFile; productRef = 3C96EDE02AC0CC84004B8B7D /* Nuke */; };
		3CBB8C2A2ACA296800A505C2 /* PostersViewController.swift in Sources */ = {isa = PBXBuildFile; fileRef = 3CBB8C292ACA296800A505C2 /* PostersViewController.swift */; };
		3CBB8C2E2ACA2CEB00A505C2 /* PosterCell.swift in Sources */ = {isa = PBXBuildFile; fileRef = 3CBB8C2D2ACA2CEB00A505C2 /* PosterCell.swift */; };
/* End PBXBuildFile section */

/* Begin PBXFileReference section */
		3C25F9352AC096BE0093E511 /* Unit3Prod.app */ = {isa = PBXFileReference; explicitFileType = wrapper.application; includeInIndex = 0; path = Unit3Prod.app; sourceTree = BUILT_PRODUCTS_DIR; };
		3C25F9382AC096BE0093E511 /* AppDelegate.swift */ = {isa = PBXFileReference; lastKnownFileType = sourcecode.swift; path = AppDelegate.swift; sourceTree = "<group>"; };
		3C25F93A2AC096BE0093E511 /* SceneDelegate.swift */ = {isa = PBXFileReference; lastKnownFileType = sourcecode.swift; path = SceneDelegate.swift; sourceTree = "<group>"; };
		3C25F93C2AC096BE0093E511 /* MoviesViewController.swift */ = {isa = PBXFileReference; lastKnownFileType = sourcecode.swift; path = MoviesViewController.swift; sourceTree = "<group>"; };
		3C25F93F2AC096BE0093E511 /* Base */ = {isa = PBXFileReference; lastKnownFileType = file.storyboard; name = Base; path = Base.lproj/Main.storyboard; sourceTree = "<group>"; };
		3C25F9412AC096BF0093E511 /* Assets.xcassets */ = {isa = PBXFileReference; lastKnownFileType = folder.assetcatalog; path = Assets.xcassets; sourceTree = "<group>"; };
		3C25F9442AC096BF0093E511 /* Base */ = {isa = PBXFileReference; lastKnownFileType = file.storyboard; name = Base; path = Base.lproj/LaunchScreen.storyboard; sourceTree = "<group>"; };
		3C25F9462AC096BF0093E511 /* Info.plist */ = {isa = PBXFileReference; lastKnownFileType = text.plist.xml; path = Info.plist; sourceTree = "<group>"; };
		3C25F9552AC098C40093E511 /* Movie.swift */ = {isa = PBXFileReference; lastKnownFileType = sourcecode.swift; path = Movie.swift; sourceTree = "<group>"; };
		3C25F95A2AC099190093E511 /* Movie.swift */ = {isa = PBXFileReference; lastKnownFileType = sourcecode.swift; path = Movie.swift; sourceTree = "<group>"; };
		3C25F95C2AC0AA710093E511 /* MovieCell.swift */ = {isa = PBXFileReference; lastKnownFileType = sourcecode.swift; path = MovieCell.swift; sourceTree = "<group>"; };
		3C25F95E2AC0B47E0093E511 /* DetailViewController.swift */ = {isa = PBXFileReference; lastKnownFileType = sourcecode.swift; path = DetailViewController.swift; sourceTree = "<group>"; };
		3CBB8C292ACA296800A505C2 /* PostersViewController.swift */ = {isa = PBXFileReference; lastKnownFileType = sourcecode.swift; path = PostersViewController.swift; sourceTree = "<group>"; };
		3CBB8C2D2ACA2CEB00A505C2 /* PosterCell.swift */ = {isa = PBXFileReference; lastKnownFileType = sourcecode.swift; path = PosterCell.swift; sourceTree = "<group>"; };
/* End PBXFileReference section */

/* Begin PBXFrameworksBuildPhase section */
		3C25F9322AC096BE0093E511 /* Frameworks */ = {
			isa = PBXFrameworksBuildPhase;
			buildActionMask = 2147483647;
			files = (
				3C96EDE12AC0CC84004B8B7D /* Nuke in Frameworks */,
			);
			runOnlyForDeploymentPostprocessing = 0;
		};
/* End PBXFrameworksBuildPhase section */

/* Begin PBXGroup section */
		3C25F92C2AC096BE0093E511 = {
			isa = PBXGroup;
			children = (
				3C25F9372AC096BE0093E511 /* Unit2Prod */,
				3C25F9362AC096BE0093E511 /* Products */,
			);
			sourceTree = "<group>";
		};
		3C25F9362AC096BE0093E511 /* Products */ = {
			isa = PBXGroup;
			children = (
				3C25F9352AC096BE0093E511 /* Unit3Prod.app */,
			);
			name = Products;
			sourceTree = "<group>";
		};
		3C25F9372AC096BE0093E511 /* Unit2Prod */ = {
			isa = PBXGroup;
			children = (
				3C25F9592AC0990B0093E511 /* Data */,
				3C25F9382AC096BE0093E511 /* AppDelegate.swift */,
				3C25F93A2AC096BE0093E511 /* SceneDelegate.swift */,
				3C25F93C2AC096BE0093E511 /* MoviesViewController.swift */,
				3CBB8C292ACA296800A505C2 /* PostersViewController.swift */,
				3C25F95C2AC0AA710093E511 /* MovieCell.swift */,
				3C25F93E2AC096BE0093E511 /* Main.storyboard */,
				3C25F95E2AC0B47E0093E511 /* DetailViewController.swift */,
				3C25F9412AC096BF0093E511 /* Assets.xcassets */,
				3C25F9432AC096BF0093E511 /* LaunchScreen.storyboard */,
				3C25F9462AC096BF0093E511 /* Info.plist */,
				3CBB8C2D2ACA2CEB00A505C2 /* PosterCell.swift */,
			);
			path = Unit2Prod;
			sourceTree = "<group>";
		};
		3C25F9592AC0990B0093E511 /* Data */ = {
			isa = PBXGroup;
			children = (
				3C25F9552AC098C40093E511 /* Movie.swift */,
				3C25F95A2AC099190093E511 /* Movie.swift */,
			);
			path = Data;
			sourceTree = "<group>";
		};
/* End PBXGroup section */

/* Begin PBXNativeTarget section */
		3C25F9342AC096BE0093E511 /* Unit3Prod */ = {
			isa = PBXNativeTarget;
			buildConfigurationList = 3C25F9492AC096BF0093E511 /* Build configuration list for PBXNativeTarget "Unit3Prod" */;
			buildPhases = (
				3C25F9312AC096BE0093E511 /* Sources */,
				3C25F9322AC096BE0093E511 /* Frameworks */,
				3C25F9332AC096BE0093E511 /* Resources */,
			);
			buildRules = (
			);
			dependencies = (
			);
			name = Unit3Prod;
			packageProductDependencies = (
				3C96EDE02AC0CC84004B8B7D /* Nuke */,
			);
			productName = Unit2Prod;
			productReference = 3C25F9352AC096BE0093E511 /* Unit3Prod.app */;
			productType = "com.apple.product-type.application";
		};
/* End PBXNativeTarget section */

/* Begin PBXProject section */
		3C25F92D2AC096BE0093E511 /* Project object */ = {
			isa = PBXProject;
			attributes = {
				BuildIndependentTargetsInParallel = 1;
				LastSwiftUpdateCheck = 1430;
				LastUpgradeCheck = 1430;
				TargetAttributes = {
					3C25F9342AC096BE0093E511 = {
						CreatedOnToolsVersion = 14.3.1;
					};
				};
			};
			buildConfigurationList = 3C25F9302AC096BE0093E511 /* Build configuration list for PBXProject "Unit3Prod" */;
			compatibilityVersion = "Xcode 14.0";
			developmentRegion = en;
			hasScannedForEncodings = 0;
			knownRegions = (
				en,
				Base,
			);
			mainGroup = 3C25F92C2AC096BE0093E511;
			packageReferences = (
				3C96EDDF2AC0CC84004B8B7D /* XCRemoteSwiftPackageReference "Nuke" */,
			);
			productRefGroup = 3C25F9362AC096BE0093E511 /* Products */;
			projectDirPath = "";
			projectRoot = "";
			targets = (
				3C25F9342AC096BE0093E511 /* Unit3Prod */,
			);
		};
/* End PBXProject section */

/* Begin PBXResourcesBuildPhase section */
		3C25F9332AC096BE0093E511 /* Resources */ = {
			isa = PBXResourcesBuildPhase;
			buildActionMask = 2147483647;
			files = (
				3C25F9452AC096BF0093E511 /* LaunchScreen.storyboard in Resources */,
				3C25F9422AC096BF0093E511 /* Assets.xcassets in Resources */,
				3C25F9402AC096BE0093E511 /* Main.storyboard in Resources */,
			);
			runOnlyForDeploymentPostprocessing = 0;
		};
/* End PBXResourcesBuildPhase section */

/* Begin PBXSourcesBuildPhase section */
		3C25F9312AC096BE0093E511 /* Sources */ = {
			isa = PBXSourcesBuildPhase;
			buildActionMask = 2147483647;
			files = (
				3C25F93D2AC096BE0093E511 /* MoviesViewController.swift in Sources */,
				3C25F9392AC096BE0093E511 /* AppDelegate.swift in Sources */,
				3C25F95D2AC0AA710093E511 /* MovieCell.swift in Sources */,
				3C25F9562AC098C40093E511 /* Movie.swift in Sources */,
				3C25F93B2AC096BE0093E511 /* SceneDelegate.swift in Sources */,
				3CBB8C2E2ACA2CEB00A505C2 /* PosterCell.swift in Sources */,
				3CBB8C2A2ACA296800A505C2 /* PostersViewController.swift in Sources */,
				3C25F95B2AC099190093E511 /* Movie.swift in Sources */,
				3C25F95F2AC0B47E0093E511 /* DetailViewController.swift in Sources */,
			);
			runOnlyForDeploymentPostprocessing = 0;
		};
/* End PBXSourcesBuildPhase section */

/* Begin PBXVariantGroup section */
		3C25F93E2AC096BE0093E511 /* Main.storyboard */ = {
			isa = PBXVariantGroup;
			children = (
				3C25F93F2AC096BE0093E511 /* Base */,
			);
			name = Main.storyboard;
			sourceTree = "<group>";
		};
		3C25F9432AC096BF0093E511 /* LaunchScreen.storyboard */ = {
			isa = PBXVariantGroup;
			children = (
				3C25F9442AC096BF0093E511 /* Base */,
			);
			name = LaunchScreen.storyboard;
			sourceTree = "<group>";
		};
/* End PBXVariantGroup section */

/* Begin XCBuildConfiguration section */
		3C25F9472AC096BF0093E511 /* Debug */ = {
			isa = XCBuildConfiguration;
			buildSettings = {
				ALWAYS_SEARCH_USER_PATHS = NO;
				CLANG_ANALYZER_NONNULL = YES;
				CLANG_ANALYZER_NUMBER_OBJECT_CONVERSION = YES_AGGRESSIVE;
				CLANG_CXX_LANGUAGE_STANDARD = "gnu++20";
				CLANG_ENABLE_MODULES = YES;
				CLANG_ENABLE_OBJC_ARC = YES;
				CLANG_ENABLE_OBJC_WEAK = YES;
				CLANG_WARN_BLOCK_CAPTURE_AUTORELEASING = YES;
				CLANG_WARN_BOOL_CONVERSION = YES;
				CLANG_WARN_COMMA = YES;
				CLANG_WARN_CONSTANT_CONVERSION = YES;
				CLANG_WARN_DEPRECATED_OBJC_IMPLEMENTATIONS = YES;
				CLANG_WARN_DIRECT_OBJC_ISA_USAGE = YES_ERROR;
				CLANG_WARN_DOCUMENTATION_COMMENTS = YES;
				CLANG_WARN_EMPTY_BODY = YES;
				CLANG_WARN_ENUM_CONVERSION = YES;
				CLANG_WARN_INFINITE_RECURSION = YES;
				CLANG_WARN_INT_CONVERSION = YES;
				CLANG_WARN_NON_LITERAL_NULL_CONVERSION = YES;
				CLANG_WARN_OBJC_IMPLICIT_RETAIN_SELF = YES;
				CLANG_WARN_OBJC_LITERAL_CONVERSION = YES;
				CLANG_WARN_OBJC_ROOT_CLASS = YES_ERROR;
				CLANG_WARN_QUOTED_INCLUDE_IN_FRAMEWORK_HEADER = YES;
				CLANG_WARN_RANGE_LOOP_ANALYSIS = YES;
				CLANG_WARN_STRICT_PROTOTYPES = YES;
				CLANG_WARN_SUSPICIOUS_MOVE = YES;
				CLANG_WARN_UNGUARDED_AVAILABILITY = YES_AGGRESSIVE;
				CLANG_WARN_UNREACHABLE_CODE = YES;
				CLANG_WARN__DUPLICATE_METHOD_MATCH = YES;
				COPY_PHASE_STRIP = NO;
				DEBUG_INFORMATION_FORMAT = dwarf;
				ENABLE_STRICT_OBJC_MSGSEND = YES;
				ENABLE_TESTABILITY = YES;
				GCC_C_LANGUAGE_STANDARD = gnu11;
				GCC_DYNAMIC_NO_PIC = NO;
				GCC_NO_COMMON_BLOCKS = YES;
				GCC_OPTIMIZATION_LEVEL = 0;
				GCC_PREPROCESSOR_DEFINITIONS = (
					"DEBUG=1",
					"$(inherited)",
				);
				GCC_WARN_64_TO_32_BIT_CONVERSION = YES;
				GCC_WARN_ABOUT_RETURN_TYPE = YES_ERROR;
				GCC_WARN_UNDECLARED_SELECTOR = YES;
				GCC_WARN_UNINITIALIZED_AUTOS = YES_AGGRESSIVE;
				GCC_WARN_UNUSED_FUNCTION = YES;
				GCC_WARN_UNUSED_VARIABLE = YES;
				IPHONEOS_DEPLOYMENT_TARGET = 16.4;
				MTL_ENABLE_DEBUG_INFO = INCLUDE_SOURCE;
				MTL_FAST_MATH = YES;
				ONLY_ACTIVE_ARCH = YES;
				SDKROOT = iphoneos;
				SWIFT_ACTIVE_COMPILATION_CONDITIONS = DEBUG;
				SWIFT_OPTIMIZATION_LEVEL = "-Onone";
			};
			name = Debug;
		};
		3C25F9482AC096BF0093E511 /* Release */ = {
			isa = XCBuildConfiguration;
			buildSettings = {
				ALWAYS_SEARCH_USER_PATHS = NO;
				CLANG_ANALYZER_NONNULL = YES;
				CLANG_ANALYZER_NUMBER_OBJECT_CONVERSION = YES_AGGRESSIVE;
				CLANG_CXX_LANGUAGE_STANDARD = "gnu++20";
				CLANG_ENABLE_MODULES = YES;
				CLANG_ENABLE_OBJC_ARC = YES;
				CLANG_ENABLE_OBJC_WEAK = YES;
				CLANG_WARN_BLOCK_CAPTURE_AUTORELEASING = YES;
				CLANG_WARN_BOOL_CONVERSION = YES;
				CLANG_WARN_COMMA = YES;
				CLANG_WARN_CONSTANT_CONVERSION = YES;
				CLANG_WARN_DEPRECATED_OBJC_IMPLEMENTATIONS = YES;
				CLANG_WARN_DIRECT_OBJC_ISA_USAGE = YES_ERROR;
				CLANG_WARN_DOCUMENTATION_COMMENTS = YES;
				CLANG_WARN_EMPTY_BODY = YES;
				CLANG_WARN_ENUM_CONVERSION = YES;
				CLANG_WARN_INFINITE_RECURSION = YES;
				CLANG_WARN_INT_CONVERSION = YES;
				CLANG_WARN_NON_LITERAL_NULL_CONVERSION = YES;
				CLANG_WARN_OBJC_IMPLICIT_RETAIN_SELF = YES;
				CLANG_WARN_OBJC_LITERAL_CONVERSION = YES;
				CLANG_WARN_OBJC_ROOT_CLASS = YES_ERROR;
				CLANG_WARN_QUOTED_INCLUDE_IN_FRAMEWORK_HEADER = YES;
				CLANG_WARN_RANGE_LOOP_ANALYSIS = YES;
				CLANG_WARN_STRICT_PROTOTYPES = YES;
				CLANG_WARN_SUSPICIOUS_MOVE = YES;
				CLANG_WARN_UNGUARDED_AVAILABILITY = YES_AGGRESSIVE;
				CLANG_WARN_UNREACHABLE_CODE = YES;
				CLANG_WARN__DUPLICATE_METHOD_MATCH = YES;
				COPY_PHASE_STRIP = NO;
				DEBUG_INFORMATION_FORMAT = "dwarf-with-dsym";
				ENABLE_NS_ASSERTIONS = NO;
				ENABLE_STRICT_OBJC_MSGSEND = YES;
				GCC_C_LANGUAGE_STANDARD = gnu11;
				GCC_NO_COMMON_BLOCKS = YES;
				GCC_WARN_64_TO_32_BIT_CONVERSION = YES;
				GCC_WARN_ABOUT_RETURN_TYPE = YES_ERROR;
				GCC_WARN_UNDECLARED_SELECTOR = YES;
				GCC_WARN_UNINITIALIZED_AUTOS = YES_AGGRESSIVE;
				GCC_WARN_UNUSED_FUNCTION = YES;
				GCC_WARN_UNUSED_VARIABLE = YES;
				IPHONEOS_DEPLOYMENT_TARGET = 16.4;
				MTL_ENABLE_DEBUG_INFO = NO;
				MTL_FAST_MATH = YES;
				SDKROOT = iphoneos;
				SWIFT_COMPILATION_MODE = wholemodule;
				SWIFT_OPTIMIZATION_LEVEL = "-O";
				VALIDATE_PRODUCT = YES;
			};
			name = Release;
		};
		3C25F94A2AC096BF0093E511 /* Debug */ = {
			isa = XCBuildConfiguration;
			buildSettings = {
				ASSETCATALOG_COMPILER_APPICON_NAME = AppIcon;
				ASSETCATALOG_COMPILER_GLOBAL_ACCENT_COLOR_NAME = AccentColor;
				CODE_SIGN_STYLE = Automatic;
				CURRENT_PROJECT_VERSION = 1;
				DEVELOPMENT_TEAM = JRXYKP9GY7;
				GENERATE_INFOPLIST_FILE = YES;
				INFOPLIST_FILE = Unit2Prod/Info.plist;
				INFOPLIST_KEY_CFBundleDisplayName = "Flex Flix";
				INFOPLIST_KEY_UIApplicationSupportsIndirectInputEvents = YES;
				INFOPLIST_KEY_UILaunchStoryboardName = LaunchScreen.storyboard;
				INFOPLIST_KEY_UIMainStoryboardFile = Main;
				INFOPLIST_KEY_UISupportedInterfaceOrientations = "UIInterfaceOrientationLandscapeLeft UIInterfaceOrientationLandscapeRight UIInterfaceOrientationPortrait";
				INFOPLIST_KEY_UISupportedInterfaceOrientations_iPad = UIInterfaceOrientationPortrait;
				IPHONEOS_DEPLOYMENT_TARGET = 15.0;
				LD_RUNPATH_SEARCH_PATHS = (
					"$(inherited)",
					"@executable_path/Frameworks",
				);
				MARKETING_VERSION = 1.0;
				PRODUCT_BUNDLE_IDENTIFIER = idk.Unit2Prod;
				PRODUCT_NAME = "$(TARGET_NAME)";
				SWIFT_EMIT_LOC_STRINGS = YES;
				SWIFT_VERSION = 5.0;
				TARGETED_DEVICE_FAMILY = "1,2";
			};
			name = Debug;
		};
		3C25F94B2AC096BF0093E511 /* Release */ = {
			isa = XCBuildConfiguration;
			buildSettings = {
				ASSETCATALOG_COMPILER_APPICON_NAME = AppIcon;
				ASSETCATALOG_COMPILER_GLOBAL_ACCENT_COLOR_NAME = AccentColor;
				CODE_SIGN_STYLE = Automatic;
				CURRENT_PROJECT_VERSION = 1;
				DEVELOPMENT_TEAM = JRXYKP9GY7;
				GENERATE_INFOPLIST_FILE = YES;
				INFOPLIST_FILE = Unit2Prod/Info.plist;
				INFOPLIST_KEY_CFBundleDisplayName = "Flex Flix";
				INFOPLIST_KEY_UIApplicationSupportsIndirectInputEvents = YES;
				INFOPLIST_KEY_UILaunchStoryboardName = LaunchScreen.storyboard;
				INFOPLIST_KEY_UIMainStoryboardFile = Main;
				INFOPLIST_KEY_UISupportedInterfaceOrientations = "UIInterfaceOrientationLandscapeLeft UIInterfaceOrientationLandscapeRight UIInterfaceOrientationPortrait";
				INFOPLIST_KEY_UISupportedInterfaceOrientations_iPad = UIInterfaceOrientationPortrait;
				IPHONEOS_DEPLOYMENT_TARGET = 15.0;
				LD_RUNPATH_SEARCH_PATHS = (
					"$(inherited)",
					"@executable_path/Frameworks",
				);
				MARKETING_VERSION = 1.0;
				PRODUCT_BUNDLE_IDENTIFIER = idk.Unit2Prod;
				PRODUCT_NAME = "$(TARGET_NAME)";
				SWIFT_EMIT_LOC_STRINGS = YES;
				SWIFT_VERSION = 5.0;
				TARGETED_DEVICE_FAMILY = "1,2";
			};
			name = Release;
		};
/* End XCBuildConfiguration section */

/* Begin XCConfigurationList section */
		3C25F9302AC096BE0093E511 /* Build configuration list for PBXProject "Unit3Prod" */ = {
			isa = XCConfigurationList;
			buildConfigurations = (
				3C25F9472AC096BF0093E511 /* Debug */,
				3C25F9482AC096BF0093E511 /* Release */,
			);
			defaultConfigurationIsVisible = 0;
			defaultConfigurationName = Release;
		};
		3C25F9492AC096BF0093E511 /* Build configuration list for PBXNativeTarget "Unit3Prod" */ = {
			isa = XCConfigurationList;
			buildConfigurations = (
				3C25F94A2AC096BF0093E511 /* Debug */,
				3C25F94B2AC096BF0093E511 /* Release */,
			);
			defaultConfigurationIsVisible = 0;
			defaultConfigurationName = Release;
		};
/* End XCConfigurationList section */

/* Begin XCRemoteSwiftPackageReference section */
		3C96EDDF2AC0CC84004B8B7D /* XCRemoteSwiftPackageReference "Nuke" */ = {
			isa = XCRemoteSwiftPackageReference;
			repositoryURL = "https://github.com/kean/Nuke.git";
			requirement = {
				kind = upToNextMajorVersion;
				minimumVersion = 10.0.0;
			};
		};
/* End XCRemoteSwiftPackageReference section */

/* Begin XCSwiftPackageProductDependency section */
		3C96EDE02AC0CC84004B8B7D /* Nuke */ = {
			isa = XCSwiftPackageProductDependency;
			package = 3C96EDDF2AC0CC84004B8B7D /* XCRemoteSwiftPackageReference "Nuke" */;
			productName = Nuke;
		};
/* End XCSwiftPackageProductDependency section */
	};
	rootObject = 3C25F92D2AC096BE0093E511 /* Project object */;
}
